
Microsoft Visual Studio Solution File, Format Version 12.00
# Visual Studio Version 16
VisualStudioVersion = 16.0.30621.155
MinimumVisualStudioVersion = 10.0.40219.1
Project("{FAE04EC0-301F-11D3-BF4B-00C04F79EFBC}") = "PartialviewEx", "PartialviewEx.csproj", "{F83DE13A-DBC4-45C1-BCF2-23E7F209941C}"
EndProject
Global
	GlobalSection(SolutionConfigurationPlatforms) = preSolution
		Debug|Any CPU = Debug|Any CPU
		Release|Any CPU = Release|Any CPU
	EndGlobalSection
	GlobalSection(ProjectConfigurationPlatforms) = postSolution
		{F83DE13A-DBC4-45C1-BCF2-23E7F209941C}.Debug|Any CPU.ActiveCfg = Debug|Any CPU
		{F83DE13A-DBC4-45C1-BCF2-23E7F209941C}.Debug|Any CPU.Build.0 = Debug|Any CPU
		{F83DE13A-DBC4-45C1-BCF2-23E7F209941C}.Release|Any CPU.ActiveCfg = Release|Any CPU
		{F83DE13A-DBC4-45C1-BCF2-23E7F209941C}.Release|Any CPU.Build.0 = Release|Any CPU
	EndGlobalSection
	GlobalSection(SolutionProperties) = preSolution
		HideSolutionNode = FALSE
	EndGlobalSection
	GlobalSection(ExtensibilityGlobals) = postSolution
		SolutionGuid = {274F2AB2-9AAC-4807-8B2E-A28619187F02}
	EndGlobalSection
EndGlobal
